
Microsoft Visual Studio Solution File, Format Version 12.00
# Visual Studio Version 16
VisualStudioVersion = 16.0.31702.278
MinimumVisualStudioVersion = 10.0.40219.1
Project("{FAE04EC0-301F-11D3-BF4B-00C04F79EFBC}") = "SortEX", "SortEX.csproj", "{12D09F06-57DD-49D7-95FB-CFBE138BE95B}"
EndProject
Global
	GlobalSection(SolutionConfigurationPlatforms) = preSolution
		Debug|Any CPU = Debug|Any CPU
		Release|Any CPU = Release|Any CPU
	EndGlobalSection
	GlobalSection(ProjectConfigurationPlatforms) = postSolution
		{12D09F06-57DD-49D7-95FB-CFBE138BE95B}.Debug|Any CPU.ActiveCfg = Debug|Any CPU
		{12D09F06-57DD-49D7-95FB-CFBE138BE95B}.Debug|Any CPU.Build.0 = Debug|Any CPU
		{12D09F06-57DD-49D7-95FB-CFBE138BE95B}.Release|Any CPU.ActiveCfg = Release|Any CPU
		{12D09F06-57DD-49D7-95FB-CFBE138BE95B}.Release|Any CPU.Build.0 = Release|Any CPU
	EndGlobalSection
	GlobalSection(SolutionProperties) = preSolution
		HideSolutionNode = FALSE
	EndGlobalSection
	GlobalSection(ExtensibilityGlobals) = postSolution
		SolutionGuid = {D3F55B2F-D0B7-48EC-B4C3-28EE7883111A}
	EndGlobalSection
EndGlobal
